// !$*UTF8*$!
{
	archiveVersion = 1;
	classes = {
	};
	objectVersion = 46;
	objects = {

/* Begin PBXBuildFile section */
		204C76671B5EDD6B003224F6 /* main.m in Sources */ = {isa = PBXBuildFile; fileRef = 204C76661B5EDD6B003224F6 /* main.m */; };
		204C766A1B5EDD6B003224F6 /* AppDelegate.m in Sources */ = {isa = PBXBuildFile; fileRef = 204C76691B5EDD6B003224F6 /* AppDelegate.m */; };
		204C766D1B5EDD6B003224F6 /* ViewController.m in Sources */ = {isa = PBXBuildFile; fileRef = 204C766C1B5EDD6B003224F6 /* ViewController.m */; };
		204C76701B5EDD6B003224F6 /* Main.storyboard in Resources */ = {isa = PBXBuildFile; fileRef = 204C766E1B5EDD6B003224F6 /* Main.storyboard */; };
		204C76721B5EDD6B003224F6 /* Images.xcassets in Resources */ = {isa = PBXBuildFile; fileRef = 204C76711B5EDD6B003224F6 /* Images.xcassets */; };
		204C76751B5EDD6B003224F6 /* LaunchScreen.xib in Resources */ = {isa = PBXBuildFile; fileRef = 204C76731B5EDD6B003224F6 /* LaunchScreen.xib */; };
		204C76811B5EDD6B003224F6 /* BeaconsListTests.m in Sources */ = {isa = PBXBuildFile; fileRef = 204C76801B5EDD6B003224F6 /* BeaconsListTests.m */; };
		204C768C1B5EDDB1003224F6 /* TableViewController.m in Sources */ = {isa = PBXBuildFile; fileRef = 204C768B1B5EDDB1003224F6 /* TableViewController.m */; };
		204C768E1B5EDDCC003224F6 /* EstimoteSDK.framework in Frameworks */ = {isa = PBXBuildFile; fileRef = 204C768D1B5EDDCC003224F6 /* EstimoteSDK.framework */; };
		20E4244B1B5FE4C100A88B47 /* CoreBluetooth.framework in Frameworks */ = {isa = PBXBuildFile; fileRef = 20E4244A1B5FE4C100A88B47 /* CoreBluetooth.framework */; };
		20E4244D1B5FE4EC00A88B47 /* CoreLocation.framework in Frameworks */ = {isa = PBXBuildFile; fileRef = 20E4244C1B5FE4EC00A88B47 /* CoreLocation.framework */; };
/* End PBXBuildFile section */

/* Begin PBXContainerItemProxy section */
		204C767B1B5EDD6B003224F6 /* PBXContainerItemProxy */ = {
			isa = PBXContainerItemProxy;
			containerPortal = 204C76591B5EDD6B003224F6 /* Project object */;
			proxyType = 1;
			remoteGlobalIDString = 204C76601B5EDD6B003224F6;
			remoteInfo = BeaconsList;
		};
/* End PBXContainerItemProxy section */

/* Begin PBXFileReference section */
		204C76611B5EDD6B003224F6 /* BeaconsList.app */ = {isa = PBXFileReference; explicitFileType = wrapper.application; includeInIndex = 0; path = BeaconsList.app; sourceTree = BUILT_PRODUCTS_DIR; };
		204C76651B5EDD6B003224F6 /* Info.plist */ = {isa = PBXFileReference; lastKnownFileType = text.plist.xml; path = Info.plist; sourceTree = "<group>"; };
		204C76661B5EDD6B003224F6 /* main.m */ = {isa = PBXFileReference; lastKnownFileType = sourcecode.c.objc; path = main.m; sourceTree = "<group>"; };
		204C76681B5EDD6B003224F6 /* AppDelegate.h */ = {isa = PBXFileReference; lastKnownFileType = sourcecode.c.h; path = AppDelegate.h; sourceTree = "<group>"; };
		204C76691B5EDD6B003224F6 /* AppDelegate.m */ = {isa = PBXFileReference; lastKnownFileType = sourcecode.c.objc; path = AppDelegate.m; sourceTree = "<group>"; };
		204C766B1B5EDD6B003224F6 /* ViewController.h */ = {isa = PBXFileReference; lastKnownFileType = sourcecode.c.h; path = ViewController.h; sourceTree = "<group>"; };
		204C766C1B5EDD6B003224F6 /* ViewController.m */ = {isa = PBXFileReference; lastKnownFileType = sourcecode.c.objc; path = ViewController.m; sourceTree = "<group>"; };
		204C766F1B5EDD6B003224F6 /* Base */ = {isa = PBXFileReference; lastKnownFileType = file.storyboard; name = Base; path = Base.lproj/Main.storyboard; sourceTree = "<group>"; };
		204C76711B5EDD6B003224F6 /* Images.xcassets */ = {isa = PBXFileReference; lastKnownFileType = folder.assetcatalog; path = Images.xcassets; sourceTree = "<group>"; };
		204C76741B5EDD6B003224F6 /* Base */ = {isa = PBXFileReference; lastKnownFileType = file.xib; name = Base; path = Base.lproj/LaunchScreen.xib; sourceTree = "<group>"; };
		204C767A1B5EDD6B003224F6 /* BeaconsListTests.xctest */ = {isa = PBXFileReference; explicitFileType = wrapper.cfbundle; includeInIndex = 0; path = BeaconsListTests.xctest; sourceTree = BUILT_PRODUCTS_DIR; };
		204C767F1B5EDD6B003224F6 /* Info.plist */ = {isa = PBXFileReference; lastKnownFileType = text.plist.xml; path = Info.plist; sourceTree = "<group>"; };
		204C76801B5EDD6B003224F6 /* BeaconsListTests.m */ = {isa = PBXFileReference; lastKnownFileType = sourcecode.c.objc; path = BeaconsListTests.m; sourceTree = "<group>"; };
		204C768A1B5EDDB1003224F6 /* TableViewController.h */ = {isa = PBXFileReference; fileEncoding = 4; lastKnownFileType = sourcecode.c.h; path = TableViewController.h; sourceTree = "<group>"; };
		204C768B1B5EDDB1003224F6 /* TableViewController.m */ = {isa = PBXFileReference; fileEncoding = 4; lastKnownFileType = sourcecode.c.objc; path = TableViewController.m; sourceTree = "<group>"; };
		204C768D1B5EDDCC003224F6 /* EstimoteSDK.framework */ = {isa = PBXFileReference; lastKnownFileType = wrapper.framework; path = EstimoteSDK.framework; sourceTree = "<group>"; };
		20E4244A1B5FE4C100A88B47 /* CoreBluetooth.framework */ = {isa = PBXFileReference; lastKnownFileType = wrapper.framework; name = CoreBluetooth.framework; path = System/Library/Frameworks/CoreBluetooth.framework; sourceTree = SDKROOT; };
		20E4244C1B5FE4EC00A88B47 /* CoreLocation.framework */ = {isa = PBXFileReference; lastKnownFileType = wrapper.framework; name = CoreLocation.framework; path = System/Library/Frameworks/CoreLocation.framework; sourceTree = SDKROOT; };
/* End PBXFileReference section */

/* Begin PBXFrameworksBuildPhase section */
		204C765E1B5EDD6B003224F6 /* Frameworks */ = {
			isa = PBXFrameworksBuildPhase;
			buildActionMask = 2147483647;
			files = (
				20E4244D1B5FE4EC00A88B47 /* CoreLocation.framework in Frameworks */,
				20E4244B1B5FE4C100A88B47 /* CoreBluetooth.framework in Frameworks */,
				204C768E1B5EDDCC003224F6 /* EstimoteSDK.framework in Frameworks */,
			);
			runOnlyForDeploymentPostprocessing = 0;
		};
		204C76771B5EDD6B003224F6 /* Frameworks */ = {
			isa = PBXFrameworksBuildPhase;
			buildActionMask = 2147483647;
			files = (
			);
			runOnlyForDeploymentPostprocessing = 0;
		};
/* End PBXFrameworksBuildPhase section */

/* Begin PBXGroup section */
		204C76581B5EDD6B003224F6 = {
			isa = PBXGroup;
			children = (
				204C768F1B5EDE17003224F6 /* Frameworks */,
				204C768A1B5EDDB1003224F6 /* TableViewController.h */,
				204C768B1B5EDDB1003224F6 /* TableViewController.m */,
				204C76631B5EDD6B003224F6 /* BeaconsList */,
				204C767D1B5EDD6B003224F6 /* BeaconsListTests */,
				204C76621B5EDD6B003224F6 /* Products */,
			);
			sourceTree = "<group>";
		};
		204C76621B5EDD6B003224F6 /* Products */ = {
			isa = PBXGroup;
			children = (
				204C76611B5EDD6B003224F6 /* BeaconsList.app */,
				204C767A1B5EDD6B003224F6 /* BeaconsListTests.xctest */,
			);
			name = Products;
			sourceTree = "<group>";
		};
		204C76631B5EDD6B003224F6 /* BeaconsList */ = {
			isa = PBXGroup;
			children = (
				204C76681B5EDD6B003224F6 /* AppDelegate.h */,
				204C76691B5EDD6B003224F6 /* AppDelegate.m */,
				204C766B1B5EDD6B003224F6 /* ViewController.h */,
				204C766C1B5EDD6B003224F6 /* ViewController.m */,
				204C766E1B5EDD6B003224F6 /* Main.storyboard */,
				204C76711B5EDD6B003224F6 /* Images.xcassets */,
				204C76731B5EDD6B003224F6 /* LaunchScreen.xib */,
				204C76641B5EDD6B003224F6 /* Supporting Files */,
			);
			path = BeaconsList;
			sourceTree = "<group>";
		};
		204C76641B5EDD6B003224F6 /* Supporting Files */ = {
			isa = PBXGroup;
			children = (
				204C76651B5EDD6B003224F6 /* Info.plist */,
				204C76661B5EDD6B003224F6 /* main.m */,
			);
			name = "Supporting Files";
			sourceTree = "<group>";
		};
		204C767D1B5EDD6B003224F6 /* BeaconsListTests */ = {
			isa = PBXGroup;
			children = (
				204C76801B5EDD6B003224F6 /* BeaconsListTests.m */,
				204C767E1B5EDD6B003224F6 /* Supporting Files */,
			);
			path = BeaconsListTests;
			sourceTree = "<group>";
		};
		204C767E1B5EDD6B003224F6 /* Supporting Files */ = {
			isa = PBXGroup;
			children = (
				204C767F1B5EDD6B003224F6 /* Info.plist */,
			);
			name = "Supporting Files";
			sourceTree = "<group>";
		};
		204C768F1B5EDE17003224F6 /* Frameworks */ = {
			isa = PBXGroup;
			children = (
				20E4244C1B5FE4EC00A88B47 /* CoreLocation.framework */,
				20E4244A1B5FE4C100A88B47 /* CoreBluetooth.framework */,
				204C768D1B5EDDCC003224F6 /* EstimoteSDK.framework */,
			);
			name = Frameworks;
			sourceTree = "<group>";
		};
/* End PBXGroup section */

/* Begin PBXNativeTarget section */
		204C76601B5EDD6B003224F6 /* BeaconsList */ = {
			isa = PBXNativeTarget;
			buildConfigurationList = 204C76841B5EDD6B003224F6 /* Build configuration list for PBXNativeTarget "BeaconsList" */;
			buildPhases = (
				204C765D1B5EDD6B003224F6 /* Sources */,
				204C765E1B5EDD6B003224F6 /* Frameworks */,
				204C765F1B5EDD6B003224F6 /* Resources */,
			);
			buildRules = (
			);
			dependencies = (
			);
			name = BeaconsList;
			productName = BeaconsList;
			productReference = 204C76611B5EDD6B003224F6 /* BeaconsList.app */;
			productType = "com.apple.product-type.application";
		};
		204C76791B5EDD6B003224F6 /* BeaconsListTests */ = {
			isa = PBXNativeTarget;
			buildConfigurationList = 204C76871B5EDD6B003224F6 /* Build configuration list for PBXNativeTarget "BeaconsListTests" */;
			buildPhases = (
				204C76761B5EDD6B003224F6 /* Sources */,
				204C76771B5EDD6B003224F6 /* Frameworks */,
				204C76781B5EDD6B003224F6 /* Resources */,
			);
			buildRules = (
			);
			dependencies = (
				204C767C1B5EDD6B003224F6 /* PBXTargetDependency */,
			);
			name = BeaconsListTests;
			productName = BeaconsListTests;
			productReference = 204C767A1B5EDD6B003224F6 /* BeaconsListTests.xctest */;
			productType = "com.apple.product-type.bundle.unit-test";
		};
/* End PBXNativeTarget section */

/* Begin PBXProject section */
		204C76591B5EDD6B003224F6 /* Project object */ = {
			isa = PBXProject;
			attributes = {
				LastUpgradeCheck = 0640;
				ORGANIZATIONNAME = "Fabiola Ramirez";
				TargetAttributes = {
					204C76601B5EDD6B003224F6 = {
						CreatedOnToolsVersion = 6.4;
					};
					204C76791B5EDD6B003224F6 = {
						CreatedOnToolsVersion = 6.4;
						TestTargetID = 204C76601B5EDD6B003224F6;
					};
				};
			};
			buildConfigurationList = 204C765C1B5EDD6B003224F6 /* Build configuration list for PBXProject "BeaconsList" */;
			compatibilityVersion = "Xcode 3.2";
			developmentRegion = English;
			hasScannedForEncodings = 0;
			knownRegions = (
				en,
				Base,
			);
			mainGroup = 204C76581B5EDD6B003224F6;
			productRefGroup = 204C76621B5EDD6B003224F6 /* Products */;
			projectDirPath = "";
			projectRoot = "";
			targets = (
				204C76601B5EDD6B003224F6 /* BeaconsList */,
				204C76791B5EDD6B003224F6 /* BeaconsListTests */,
			);
		};
/* End PBXProject section */

/* Begin PBXResourcesBuildPhase section */
		204C765F1B5EDD6B003224F6 /* Resources */ = {
			isa = PBXResourcesBuildPhase;
			buildActionMask = 2147483647;
			files = (
				204C76701B5EDD6B003224F6 /* Main.storyboard in Resources */,
				204C76751B5EDD6B003224F6 /* LaunchScreen.xib in Resources */,
				204C76721B5EDD6B003224F6 /* Images.xcassets in Resources */,
			);
			runOnlyForDeploymentPostprocessing = 0;
		};
		204C76781B5EDD6B003224F6 /* Resources */ = {
			isa = PBXResourcesBuildPhase;
			buildActionMask = 2147483647;
			files = (
			);
			runOnlyForDeploymentPostprocessing = 0;
		};
/* End PBXResourcesBuildPhase section */

/* Begin PBXSourcesBuildPhase section */
		204C765D1B5EDD6B003224F6 /* Sources */ = {
			isa = PBXSourcesBuildPhase;
			buildActionMask = 2147483647;
			files = (
				204C766D1B5EDD6B003224F6 /* ViewController.m in Sources */,
				204C766A1B5EDD6B003224F6 /* AppDelegate.m in Sources */,
				204C76671B5EDD6B003224F6 /* main.m in Sources */,
				204C768C1B5EDDB1003224F6 /* TableViewController.m in Sources */,
			);
			runOnlyForDeploymentPostprocessing = 0;
		};
		204C76761B5EDD6B003224F6 /* Sources */ = {
			isa = PBXSourcesBuildPhase;
			buildActionMask = 2147483647;
			files = (
				204C76811B5EDD6B003224F6 /* BeaconsListTests.m in Sources */,
			);
			runOnlyForDeploymentPostprocessing = 0;
		};
/* End PBXSourcesBuildPhase section */

/* Begin PBXTargetDependency section */
		204C767C1B5EDD6B003224F6 /* PBXTargetDependency */ = {
			isa = PBXTargetDependency;
			target = 204C76601B5EDD6B003224F6 /* BeaconsList */;
			targetProxy = 204C767B1B5EDD6B003224F6 /* PBXContainerItemProxy */;
		};
/* End PBXTargetDependency section */

/* Begin PBXVariantGroup section */
		204C766E1B5EDD6B003224F6 /* Main.storyboard */ = {
			isa = PBXVariantGroup;
			children = (
				204C766F1B5EDD6B003224F6 /* Base */,
			);
			name = Main.storyboard;
			sourceTree = "<group>";
		};
		204C76731B5EDD6B003224F6 /* LaunchScreen.xib */ = {
			isa = PBXVariantGroup;
			children = (
				204C76741B5EDD6B003224F6 /* Base */,
			);
			name = LaunchScreen.xib;
			sourceTree = "<group>";
		};
/* End PBXVariantGroup section */

/* Begin XCBuildConfiguration section */
		204C76821B5EDD6B003224F6 /* Debug */ = {
			isa = XCBuildConfiguration;
			buildSettings = {
				ALWAYS_SEARCH_USER_PATHS = NO;
				CLANG_CXX_LANGUAGE_STANDARD = "gnu++0x";
				CLANG_CXX_LIBRARY = "libc++";
				CLANG_ENABLE_MODULES = YES;
				CLANG_ENABLE_OBJC_ARC = YES;
				CLANG_WARN_BOOL_CONVERSION = YES;
				CLANG_WARN_CONSTANT_CONVERSION = YES;
				CLANG_WARN_DIRECT_OBJC_ISA_USAGE = YES_ERROR;
				CLANG_WARN_EMPTY_BODY = YES;
				CLANG_WARN_ENUM_CONVERSION = YES;
				CLANG_WARN_INT_CONVERSION = YES;
				CLANG_WARN_OBJC_ROOT_CLASS = YES_ERROR;
				CLANG_WARN_UNREACHABLE_CODE = YES;
				CLANG_WARN__DUPLICATE_METHOD_MATCH = YES;
				"CODE_SIGN_IDENTITY[sdk=iphoneos*]" = "iPhone Developer";
				COPY_PHASE_STRIP = NO;
				DEBUG_INFORMATION_FORMAT = "dwarf-with-dsym";
				ENABLE_STRICT_OBJC_MSGSEND = YES;
				GCC_C_LANGUAGE_STANDARD = gnu99;
				GCC_DYNAMIC_NO_PIC = NO;
				GCC_NO_COMMON_BLOCKS = YES;
				GCC_OPTIMIZATION_LEVEL = 0;
				GCC_PREPROCESSOR_DEFINITIONS = (
					"DEBUG=1",
					"$(inherited)",
				);
				GCC_SYMBOLS_PRIVATE_EXTERN = NO;
				GCC_WARN_64_TO_32_BIT_CONVERSION = YES;
				GCC_WARN_ABOUT_RETURN_TYPE = YES_ERROR;
				GCC_WARN_UNDECLARED_SELECTOR = YES;
				GCC_WARN_UNINITIALIZED_AUTOS = YES_AGGRESSIVE;
				GCC_WARN_UNUSED_FUNCTION = YES;
				GCC_WARN_UNUSED_VARIABLE = YES;
				IPHONEOS_DEPLOYMENT_TARGET = 8.4;
				MTL_ENABLE_DEBUG_INFO = YES;
				ONLY_ACTIVE_ARCH = YES;
				SDKROOT = iphoneos;
			};
			name = Debug;
		};
		204C76831B5EDD6B003224F6 /* Release */ = {
			isa = XCBuildConfiguration;
			buildSettings = {
				ALWAYS_SEARCH_USER_PATHS = NO;
				CLANG_CXX_LANGUAGE_STANDARD = "gnu++0x";
				CLANG_CXX_LIBRARY = "libc++";
				CLANG_ENABLE_MODULES = YES;
				CLANG_ENABLE_OBJC_ARC = YES;
				CLANG_WARN_BOOL_CONVERSION = YES;
				CLANG_WARN_CONSTANT_CONVERSION = YES;
				CLANG_WARN_DIRECT_OBJC_ISA_USAGE = YES_ERROR;
				CLANG_WARN_EMPTY_BODY = YES;
				CLANG_WARN_ENUM_CONVERSION = YES;
				CLANG_WARN_INT_CONVERSION = YES;
				CLANG_WARN_OBJC_ROOT_CLASS = YES_ERROR;
				CLANG_WARN_UNREACHABLE_CODE = YES;
				CLANG_WARN__DUPLICATE_METHOD_MATCH = YES;
				"CODE_SIGN_IDENTITY[sdk=iphoneos*]" = "iPhone Developer";
				COPY_PHASE_STRIP = NO;
				DEBUG_INFORMATION_FORMAT = "dwarf-with-dsym";
				ENABLE_NS_ASSERTIONS = NO;
				ENABLE_STRICT_OBJC_MSGSEND = YES;
				GCC_C_LANGUAGE_STANDARD = gnu99;
				GCC_NO_COMMON_BLOCKS = YES;
				GCC_WARN_64_TO_32_BIT_CONVERSION = YES;
				GCC_WARN_ABOUT_RETURN_TYPE = YES_ERROR;
				GCC_WARN_UNDECLARED_SELECTOR = YES;
				GCC_WARN_UNINITIALIZED_AUTOS = YES_AGGRESSIVE;
				GCC_WARN_UNUSED_FUNCTION = YES;
				GCC_WARN_UNUSED_VARIABLE = YES;
				IPHONEOS_DEPLOYMENT_TARGET = 8.4;
				MTL_ENABLE_DEBUG_INFO = NO;
				SDKROOT = iphoneos;
				VALIDATE_PRODUCT = YES;
			};
			name = Release;
		};
		204C76851B5EDD6B003224F6 /* Debug */ = {
			isa = XCBuildConfiguration;
			buildSettings = {
				ASSETCATALOG_COMPILER_APPICON_NAME = AppIcon;
				FRAMEWORK_SEARCH_PATHS = (
					"$(inherited)",
					"$(PROJECT_DIR)",
				);
				INFOPLIST_FILE = BeaconsList/Info.plist;
				LD_RUNPATH_SEARCH_PATHS = "$(inherited) @executable_path/Frameworks";
				PRODUCT_NAME = "$(TARGET_NAME)";
			};
			name = Debug;
		};
		204C76861B5EDD6B003224F6 /* Release */ = {
			isa = XCBuildConfiguration;
			buildSettings = {
				ASSETCATALOG_COMPILER_APPICON_NAME = AppIcon;
				FRAMEWORK_SEARCH_PATHS = (
					"$(inherited)",
					"$(PROJECT_DIR)",
				);
				INFOPLIST_FILE = BeaconsList/Info.plist;
				LD_RUNPATH_SEARCH_PATHS = "$(inherited) @executable_path/Frameworks";
				PRODUCT_NAME = "$(TARGET_NAME)";
			};
			name = Release;
		};
		204C76881B5EDD6B003224F6 /* Debug */ = {
			isa = XCBuildConfiguration;
			buildSettings = {
				BUNDLE_LOADER = "$(TEST_HOST)";
				FRAMEWORK_SEARCH_PATHS = (
					"$(SDKROOT)/Developer/Library/Frameworks",
					"$(inherited)",
				);
				GCC_PREPROCESSOR_DEFINITIONS = (
					"DEBUG=1",
					"$(inherited)",
				);
				INFOPLIST_FILE = BeaconsListTests/Info.plist;
				LD_RUNPATH_SEARCH_PATHS = "$(inherited) @executable_path/Frameworks @loader_path/Frameworks";
				PRODUCT_NAME = "$(TARGET_NAME)";
				TEST_HOST = "$(BUILT_PRODUCTS_DIR)/BeaconsList.app/BeaconsList";
			};
			name = Debug;
		};
		204C76891B5EDD6B003224F6 /* Release */ = {
			isa = XCBuildConfiguration;
			buildSettings = {
				BUNDLE_LOADER = "$(TEST_HOST)";
				FRAMEWORK_SEARCH_PATHS = (
					"$(SDKROOT)/Developer/Library/Frameworks",
					"$(inherited)",
				);
				INFOPLIST_FILE = BeaconsListTests/Info.plist;
				LD_RUNPATH_SEARCH_PATHS = "$(inherited) @executable_path/Frameworks @loader_path/Frameworks";
				PRODUCT_NAME = "$(TARGET_NAME)";
				TEST_HOST = "$(BUILT_PRODUCTS_DIR)/BeaconsList.app/BeaconsList";
			};
			name = Release;
		};
/* End XCBuildConfiguration section */

/* Begin XCConfigurationList section */
		204C765C1B5EDD6B003224F6 /* Build configuration list for PBXProject "BeaconsList" */ = {
			isa = XCConfigurationList;
			buildConfigurations = (
				204C76821B5EDD6B003224F6 /* Debug */,
				204C76831B5EDD6B003224F6 /* Release */,
			);
			defaultConfigurationIsVisible = 0;
			defaultConfigurationName = Release;
		};
		204C76841B5EDD6B003224F6 /* Build configuration list for PBXNativeTarget "BeaconsList" */ = {
			isa = XCConfigurationList;
			buildConfigurations = (
				204C76851B5EDD6B003224F6 /* Debug */,
				204C76861B5EDD6B003224F6 /* Release */,
			);
			defaultConfigurationIsVisible = 0;
			defaultConfigurationName = Release;
		};
		204C76871B5EDD6B003224F6 /* Build configuration list for PBXNativeTarget "BeaconsListTests" */ = {
			isa = XCConfigurationList;
			buildConfigurations = (
				204C76881B5EDD6B003224F6 /* Debug */,
				204C76891B5EDD6B003224F6 /* Release */,
			);
			defaultConfigurationIsVisible = 0;
			defaultConfigurationName = Release;
		};
/* End XCConfigurationList section */
	};
	rootObject = 204C76591B5EDD6B003224F6 /* Project object */;
}
